// !$*UTF8*$!
{
	archiveVersion = 1;
	classes = {
	};
	objectVersion = 50;
	objects = {

/* Begin PBXBuildFile section */
		EC14255125B54B3300AB0F0F /* FrameworkTitleView.swift in Sources */ = {isa = PBXBuildFile; fileRef = EC14255025B54B3300AB0F0F /* FrameworkTitleView.swift */; };
		EC14255425B54B9000AB0F0F /* XDismissButton.swift in Sources */ = {isa = PBXBuildFile; fileRef = EC14255325B54B9000AB0F0F /* XDismissButton.swift */; };
		EC1981A425AE85BD0078D704 /* SwiftUI_Apple_FrameworksApp.swift in Sources */ = {isa = PBXBuildFile; fileRef = EC1981A325AE85BD0078D704 /* SwiftUI_Apple_FrameworksApp.swift */; };
		EC1981A825AE85BF0078D704 /* Assets.xcassets in Resources */ = {isa = PBXBuildFile; fileRef = EC1981A725AE85BF0078D704 /* Assets.xcassets */; };
		EC1981AB25AE85BF0078D704 /* Preview Assets.xcassets in Resources */ = {isa = PBXBuildFile; fileRef = EC1981AA25AE85BF0078D704 /* Preview Assets.xcassets */; };
		EC1981B425AE87070078D704 /* Framework.swift in Sources */ = {isa = PBXBuildFile; fileRef = EC1981B325AE87070078D704 /* Framework.swift */; };
		EC1981B825AE88230078D704 /* FrameworkGridView.swift in Sources */ = {isa = PBXBuildFile; fileRef = EC1981B725AE88230078D704 /* FrameworkGridView.swift */; };
		EC48BE6F25B3F8A300F172AE /* SafariView.swift in Sources */ = {isa = PBXBuildFile; fileRef = EC48BE6E25B3F8A300F172AE /* SafariView.swift */; };
		EC67E3BC25B252EA0038ABB8 /* FrameworkGridViewModel.swift in Sources */ = {isa = PBXBuildFile; fileRef = EC67E3BB25B252EA0038ABB8 /* FrameworkGridViewModel.swift */; };
		EC6EE8E325B13B1700D716EF /* FrameworkDetailView.swift in Sources */ = {isa = PBXBuildFile; fileRef = EC6EE8E225B13B1700D716EF /* FrameworkDetailView.swift */; };
		EC6EE8E625B13D4A00D716EF /* AFButton.swift in Sources */ = {isa = PBXBuildFile; fileRef = EC6EE8E525B13D4A00D716EF /* AFButton.swift */; };
		ECEEEF79266EE5930075EB37 /* FrameworkDetailViewModel.swift in Sources */ = {isa = PBXBuildFile; fileRef = ECEEEF78266EE5930075EB37 /* FrameworkDetailViewModel.swift */; };
/* End PBXBuildFile section */

/* Begin PBXFileReference section */
		EC14255025B54B3300AB0F0F /* FrameworkTitleView.swift */ = {isa = PBXFileReference; lastKnownFileType = sourcecode.swift; path = FrameworkTitleView.swift; sourceTree = "<group>"; };
		EC14255325B54B9000AB0F0F /* XDismissButton.swift */ = {isa = PBXFileReference; lastKnownFileType = sourcecode.swift; path = XDismissButton.swift; sourceTree = "<group>"; };
		EC1981A025AE85BD0078D704 /* SwiftUI-Apple-Frameworks.app */ = {isa = PBXFileReference; explicitFileType = wrapper.application; includeInIndex = 0; path = "SwiftUI-Apple-Frameworks.app"; sourceTree = BUILT_PRODUCTS_DIR; };
		EC1981A325AE85BD0078D704 /* SwiftUI_Apple_FrameworksApp.swift */ = {isa = PBXFileReference; lastKnownFileType = sourcecode.swift; path = SwiftUI_Apple_FrameworksApp.swift; sourceTree = "<group>"; };
		EC1981A725AE85BF0078D704 /* Assets.xcassets */ = {isa = PBXFileReference; lastKnownFileType = folder.assetcatalog; path = Assets.xcassets; sourceTree = "<group>"; };
		EC1981AA25AE85BF0078D704 /* Preview Assets.xcassets */ = {isa = PBXFileReference; lastKnownFileType = folder.assetcatalog; path = "Preview Assets.xcassets"; sourceTree = "<group>"; };
		EC1981AC25AE85BF0078D704 /* Info.plist */ = {isa = PBXFileReference; lastKnownFileType = text.plist.xml; path = Info.plist; sourceTree = "<group>"; };
		EC1981B325AE87070078D704 /* Framework.swift */ = {isa = PBXFileReference; lastKnownFileType = sourcecode.swift; path = Framework.swift; sourceTree = "<group>"; };
		EC1981B725AE88230078D704 /* FrameworkGridView.swift */ = {isa = PBXFileReference; lastKnownFileType = sourcecode.swift; path = FrameworkGridView.swift; sourceTree = "<group>"; };
		EC48BE6E25B3F8A300F172AE /* SafariView.swift */ = {isa = PBXFileReference; lastKnownFileType = sourcecode.swift; path = SafariView.swift; sourceTree = "<group>"; };
		EC67E3BB25B252EA0038ABB8 /* FrameworkGridViewModel.swift */ = {isa = PBXFileReference; lastKnownFileType = sourcecode.swift; path = FrameworkGridViewModel.swift; sourceTree = "<group>"; };
		EC6EE8E225B13B1700D716EF /* FrameworkDetailView.swift */ = {isa = PBXFileReference; lastKnownFileType = sourcecode.swift; path = FrameworkDetailView.swift; sourceTree = "<group>"; };
		EC6EE8E525B13D4A00D716EF /* AFButton.swift */ = {isa = PBXFileReference; lastKnownFileType = sourcecode.swift; path = AFButton.swift; sourceTree = "<group>"; };
		ECEEEF78266EE5930075EB37 /* FrameworkDetailViewModel.swift */ = {isa = PBXFileReference; lastKnownFileType = sourcecode.swift; path = FrameworkDetailViewModel.swift; sourceTree = "<group>"; };
/* End PBXFileReference section */

/* Begin PBXFrameworksBuildPhase section */
		EC19819D25AE85BD0078D704 /* Frameworks */ = {
			isa = PBXFrameworksBuildPhase;
			buildActionMask = 2147483647;
			files = (
			);
			runOnlyForDeploymentPostprocessing = 0;
		};
/* End PBXFrameworksBuildPhase section */

/* Begin PBXGroup section */
		EC14255625B54C9200AB0F0F /* Screens */ = {
			isa = PBXGroup;
			children = (
				EC14255825B54CA700AB0F0F /* FrameworkGridView */,
				EC14255725B54C9A00AB0F0F /* FrameworkDetailView */,
			);
			path = Screens;
			sourceTree = "<group>";
		};
		EC14255725B54C9A00AB0F0F /* FrameworkDetailView */ = {
			isa = PBXGroup;
			children = (
				EC6EE8E225B13B1700D716EF /* FrameworkDetailView.swift */,
				ECEEEF78266EE5930075EB37 /* FrameworkDetailViewModel.swift */,
			);
			path = FrameworkDetailView;
			sourceTree = "<group>";
		};
		EC14255825B54CA700AB0F0F /* FrameworkGridView */ = {
			isa = PBXGroup;
			children = (
				EC67E3BB25B252EA0038ABB8 /* FrameworkGridViewModel.swift */,
				EC1981B725AE88230078D704 /* FrameworkGridView.swift */,
			);
			path = FrameworkGridView;
			sourceTree = "<group>";
		};
		EC14255925B54CD700AB0F0F /* Model */ = {
			isa = PBXGroup;
			children = (
				EC1981B325AE87070078D704 /* Framework.swift */,
			);
			path = Model;
			sourceTree = "<group>";
		};
		EC14255A25B54CEE00AB0F0F /* Views */ = {
			isa = PBXGroup;
			children = (
				EC14255C25B54D0F00AB0F0F /* View */,
				EC14255B25B54CFB00AB0F0F /* Buttons */,
			);
			path = Views;
			sourceTree = "<group>";
		};
		EC14255B25B54CFB00AB0F0F /* Buttons */ = {
			isa = PBXGroup;
			children = (
				EC6EE8E525B13D4A00D716EF /* AFButton.swift */,
				EC14255325B54B9000AB0F0F /* XDismissButton.swift */,
			);
			path = Buttons;
			sourceTree = "<group>";
		};
		EC14255C25B54D0F00AB0F0F /* View */ = {
			isa = PBXGroup;
			children = (
				EC14255025B54B3300AB0F0F /* FrameworkTitleView.swift */,
			);
			path = View;
			sourceTree = "<group>";
		};
		EC14255D25B54D2100AB0F0F /* UIKit Components */ = {
			isa = PBXGroup;
			children = (
				EC48BE6E25B3F8A300F172AE /* SafariView.swift */,
			);
			path = "UIKit Components";
			sourceTree = "<group>";
		};
		EC19819725AE85BD0078D704 = {
			isa = PBXGroup;
			children = (
				EC1981A225AE85BD0078D704 /* SwiftUI-Apple-Frameworks */,
				EC1981A125AE85BD0078D704 /* Products */,
			);
			sourceTree = "<group>";
		};
		EC1981A125AE85BD0078D704 /* Products */ = {
			isa = PBXGroup;
			children = (
				EC1981A025AE85BD0078D704 /* SwiftUI-Apple-Frameworks.app */,
			);
			name = Products;
			sourceTree = "<group>";
		};
		EC1981A225AE85BD0078D704 /* SwiftUI-Apple-Frameworks */ = {
			isa = PBXGroup;
			children = (
				EC14255D25B54D2100AB0F0F /* UIKit Components */,
				EC14255A25B54CEE00AB0F0F /* Views */,
				EC14255925B54CD700AB0F0F /* Model */,
				EC14255625B54C9200AB0F0F /* Screens */,
				EC1981A325AE85BD0078D704 /* SwiftUI_Apple_FrameworksApp.swift */,
				EC1981A725AE85BF0078D704 /* Assets.xcassets */,
				EC1981AC25AE85BF0078D704 /* Info.plist */,
				EC1981A925AE85BF0078D704 /* Preview Content */,
			);
			path = "SwiftUI-Apple-Frameworks";
			sourceTree = "<group>";
		};
		EC1981A925AE85BF0078D704 /* Preview Content */ = {
			isa = PBXGroup;
			children = (
				EC1981AA25AE85BF0078D704 /* Preview Assets.xcassets */,
			);
			path = "Preview Content";
			sourceTree = "<group>";
		};
/* End PBXGroup section */

/* Begin PBXNativeTarget section */
		EC19819F25AE85BD0078D704 /* SwiftUI-Apple-Frameworks */ = {
			isa = PBXNativeTarget;
			buildConfigurationList = EC1981AF25AE85BF0078D704 /* Build configuration list for PBXNativeTarget "SwiftUI-Apple-Frameworks" */;
			buildPhases = (
				EC19819C25AE85BD0078D704 /* Sources */,
				EC19819D25AE85BD0078D704 /* Frameworks */,
				EC19819E25AE85BD0078D704 /* Resources */,
			);
			buildRules = (
			);
			dependencies = (
			);
			name = "SwiftUI-Apple-Frameworks";
			productName = "SwiftUI-Apple-Frameworks";
			productReference = EC1981A025AE85BD0078D704 /* SwiftUI-Apple-Frameworks.app */;
			productType = "com.apple.product-type.application";
		};
/* End PBXNativeTarget section */

/* Begin PBXProject section */
		EC19819825AE85BD0078D704 /* Project object */ = {
			isa = PBXProject;
			attributes = {
				LastSwiftUpdateCheck = 1220;
				LastUpgradeCheck = 1220;
				TargetAttributes = {
					EC19819F25AE85BD0078D704 = {
						CreatedOnToolsVersion = 12.2;
					};
				};
			};
			buildConfigurationList = EC19819B25AE85BD0078D704 /* Build configuration list for PBXProject "SwiftUI-Apple-Frameworks" */;
			compatibilityVersion = "Xcode 9.3";
			developmentRegion = en;
			hasScannedForEncodings = 0;
			knownRegions = (
				en,
				Base,
			);
			mainGroup = EC19819725AE85BD0078D704;
			productRefGroup = EC1981A125AE85BD0078D704 /* Products */;
			projectDirPath = "";
			projectRoot = "";
			targets = (
				EC19819F25AE85BD0078D704 /* SwiftUI-Apple-Frameworks */,
			);
		};
/* End PBXProject section */

/* Begin PBXResourcesBuildPhase section */
		EC19819E25AE85BD0078D704 /* Resources */ = {
			isa = PBXResourcesBuildPhase;
			buildActionMask = 2147483647;
			files = (
				EC1981AB25AE85BF0078D704 /* Preview Assets.xcassets in Resources */,
				EC1981A825AE85BF0078D704 /* Assets.xcassets in Resources */,
			);
			runOnlyForDeploymentPostprocessing = 0;
		};
/* End PBXResourcesBuildPhase section */

/* Begin PBXSourcesBuildPhase section */
		EC19819C25AE85BD0078D704 /* Sources */ = {
			isa = PBXSourcesBuildPhase;
			buildActionMask = 2147483647;
			files = (
				ECEEEF79266EE5930075EB37 /* FrameworkDetailViewModel.swift in Sources */,
				EC6EE8E325B13B1700D716EF /* FrameworkDetailView.swift in Sources */,
				EC1981B825AE88230078D704 /* FrameworkGridView.swift in Sources */,
				EC14255425B54B9000AB0F0F /* XDismissButton.swift in Sources */,
				EC1981B425AE87070078D704 /* Framework.swift in Sources */,
				EC6EE8E625B13D4A00D716EF /* AFButton.swift in Sources */,
				EC1981A425AE85BD0078D704 /* SwiftUI_Apple_FrameworksApp.swift in Sources */,
				EC67E3BC25B252EA0038ABB8 /* FrameworkGridViewModel.swift in Sources */,
				EC14255125B54B3300AB0F0F /* FrameworkTitleView.swift in Sources */,
				EC48BE6F25B3F8A300F172AE /* SafariView.swift in Sources */,
			);
			runOnlyForDeploymentPostprocessing = 0;
		};
/* End PBXSourcesBuildPhase section */

/* Begin XCBuildConfiguration section */
		EC1981AD25AE85BF0078D704 /* Debug */ = {
			isa = XCBuildConfiguration;
			buildSettings = {
				ALWAYS_SEARCH_USER_PATHS = NO;
				CLANG_ANALYZER_NONNULL = YES;
				CLANG_ANALYZER_NUMBER_OBJECT_CONVERSION = YES_AGGRESSIVE;
				CLANG_CXX_LANGUAGE_STANDARD = "gnu++14";
				CLANG_CXX_LIBRARY = "libc++";
				CLANG_ENABLE_MODULES = YES;
				CLANG_ENABLE_OBJC_ARC = YES;
				CLANG_ENABLE_OBJC_WEAK = YES;
				CLANG_WARN_BLOCK_CAPTURE_AUTORELEASING = YES;
				CLANG_WARN_BOOL_CONVERSION = YES;
				CLANG_WARN_COMMA = YES;
				CLANG_WARN_CONSTANT_CONVERSION = YES;
				CLANG_WARN_DEPRECATED_OBJC_IMPLEMENTATIONS = YES;
				CLANG_WARN_DIRECT_OBJC_ISA_USAGE = YES_ERROR;
				CLANG_WARN_DOCUMENTATION_COMMENTS = YES;
				CLANG_WARN_EMPTY_BODY = YES;
				CLANG_WARN_ENUM_CONVERSION = YES;
				CLANG_WARN_INFINITE_RECURSION = YES;
				CLANG_WARN_INT_CONVERSION = YES;
				CLANG_WARN_NON_LITERAL_NULL_CONVERSION = YES;
				CLANG_WARN_OBJC_IMPLICIT_RETAIN_SELF = YES;
				CLANG_WARN_OBJC_LITERAL_CONVERSION = YES;
				CLANG_WARN_OBJC_ROOT_CLASS = YES_ERROR;
				CLANG_WARN_QUOTED_INCLUDE_IN_FRAMEWORK_HEADER = YES;
				CLANG_WARN_RANGE_LOOP_ANALYSIS = YES;
				CLANG_WARN_STRICT_PROTOTYPES = YES;
				CLANG_WARN_SUSPICIOUS_MOVE = YES;
				CLANG_WARN_UNGUARDED_AVAILABILITY = YES_AGGRESSIVE;
				CLANG_WARN_UNREACHABLE_CODE = YES;
				CLANG_WARN__DUPLICATE_METHOD_MATCH = YES;
				COPY_PHASE_STRIP = NO;
				DEBUG_INFORMATION_FORMAT = dwarf;
				ENABLE_STRICT_OBJC_MSGSEND = YES;
				ENABLE_TESTABILITY = YES;
				GCC_C_LANGUAGE_STANDARD = gnu11;
				GCC_DYNAMIC_NO_PIC = NO;
				GCC_NO_COMMON_BLOCKS = YES;
				GCC_OPTIMIZATION_LEVEL = 0;
				GCC_PREPROCESSOR_DEFINITIONS = (
					"DEBUG=1",
					"$(inherited)",
				);
				GCC_WARN_64_TO_32_BIT_CONVERSION = YES;
				GCC_WARN_ABOUT_RETURN_TYPE = YES_ERROR;
				GCC_WARN_UNDECLARED_SELECTOR = YES;
				GCC_WARN_UNINITIALIZED_AUTOS = YES_AGGRESSIVE;
				GCC_WARN_UNUSED_FUNCTION = YES;
				GCC_WARN_UNUSED_VARIABLE = YES;
				IPHONEOS_DEPLOYMENT_TARGET = 14.2;
				MTL_ENABLE_DEBUG_INFO = INCLUDE_SOURCE;
				MTL_FAST_MATH = YES;
				ONLY_ACTIVE_ARCH = YES;
				SDKROOT = iphoneos;
				SWIFT_ACTIVE_COMPILATION_CONDITIONS = DEBUG;
				SWIFT_OPTIMIZATION_LEVEL = "-Onone";
			};
			name = Debug;
		};
		EC1981AE25AE85BF0078D704 /* Release */ = {
			isa = XCBuildConfiguration;
			buildSettings = {
				ALWAYS_SEARCH_USER_PATHS = NO;
				CLANG_ANALYZER_NONNULL = YES;
				CLANG_ANALYZER_NUMBER_OBJECT_CONVERSION = YES_AGGRESSIVE;
				CLANG_CXX_LANGUAGE_STANDARD = "gnu++14";
				CLANG_CXX_LIBRARY = "libc++";
				CLANG_ENABLE_MODULES = YES;
				CLANG_ENABLE_OBJC_ARC = YES;
				CLANG_ENABLE_OBJC_WEAK = YES;
				CLANG_WARN_BLOCK_CAPTURE_AUTORELEASING = YES;
				CLANG_WARN_BOOL_CONVERSION = YES;
				CLANG_WARN_COMMA = YES;
				CLANG_WARN_CONSTANT_CONVERSION = YES;
				CLANG_WARN_DEPRECATED_OBJC_IMPLEMENTATIONS = YES;
				CLANG_WARN_DIRECT_OBJC_ISA_USAGE = YES_ERROR;
				CLANG_WARN_DOCUMENTATION_COMMENTS = YES;
				CLANG_WARN_EMPTY_BODY = YES;
				CLANG_WARN_ENUM_CONVERSION = YES;
				CLANG_WARN_INFINITE_RECURSION = YES;
				CLANG_WARN_INT_CONVERSION = YES;
				CLANG_WARN_NON_LITERAL_NULL_CONVERSION = YES;
				CLANG_WARN_OBJC_IMPLICIT_RETAIN_SELF = YES;
				CLANG_WARN_OBJC_LITERAL_CONVERSION = YES;
				CLANG_WARN_OBJC_ROOT_CLASS = YES_ERROR;
				CLANG_WARN_QUOTED_INCLUDE_IN_FRAMEWORK_HEADER = YES;
				CLANG_WARN_RANGE_LOOP_ANALYSIS = YES;
				CLANG_WARN_STRICT_PROTOTYPES = YES;
				CLANG_WARN_SUSPICIOUS_MOVE = YES;
				CLANG_WARN_UNGUARDED_AVAILABILITY = YES_AGGRESSIVE;
				CLANG_WARN_UNREACHABLE_CODE = YES;
				CLANG_WARN__DUPLICATE_METHOD_MATCH = YES;
				COPY_PHASE_STRIP = NO;
				DEBUG_INFORMATION_FORMAT = "dwarf-with-dsym";
				ENABLE_NS_ASSERTIONS = NO;
				ENABLE_STRICT_OBJC_MSGSEND = YES;
				GCC_C_LANGUAGE_STANDARD = gnu11;
				GCC_NO_COMMON_BLOCKS = YES;
				GCC_WARN_64_TO_32_BIT_CONVERSION = YES;
				GCC_WARN_ABOUT_RETURN_TYPE = YES_ERROR;
				GCC_WARN_UNDECLARED_SELECTOR = YES;
				GCC_WARN_UNINITIALIZED_AUTOS = YES_AGGRESSIVE;
				GCC_WARN_UNUSED_FUNCTION = YES;
				GCC_WARN_UNUSED_VARIABLE = YES;
				IPHONEOS_DEPLOYMENT_TARGET = 14.2;
				MTL_ENABLE_DEBUG_INFO = NO;
				MTL_FAST_MATH = YES;
				SDKROOT = iphoneos;
				SWIFT_COMPILATION_MODE = wholemodule;
				SWIFT_OPTIMIZATION_LEVEL = "-O";
				VALIDATE_PRODUCT = YES;
			};
			name = Release;
		};
		EC1981B025AE85BF0078D704 /* Debug */ = {
			isa = XCBuildConfiguration;
			buildSettings = {
				ASSETCATALOG_COMPILER_APPICON_NAME = AppIcon;
				ASSETCATALOG_COMPILER_GLOBAL_ACCENT_COLOR_NAME = AccentColor;
				CODE_SIGN_STYLE = Automatic;
				DEVELOPMENT_ASSET_PATHS = "\"SwiftUI-Apple-Frameworks/Preview Content\"";
				ENABLE_PREVIEWS = YES;
				INFOPLIST_FILE = "SwiftUI-Apple-Frameworks/Info.plist";
				IPHONEOS_DEPLOYMENT_TARGET = 14.0;
				LD_RUNPATH_SEARCH_PATHS = (
					"$(inherited)",
					"@executable_path/Frameworks",
				);
				PRODUCT_BUNDLE_IDENTIFIER = "aglegaspi.SwiftUI-Apple-Frameworks";
				PRODUCT_NAME = "$(TARGET_NAME)";
				SWIFT_VERSION = 5.0;
				TARGETED_DEVICE_FAMILY = "1,2";
			};
			name = Debug;
		};
		EC1981B125AE85BF0078D704 /* Release */ = {
			isa = XCBuildConfiguration;
			buildSettings = {
				ASSETCATALOG_COMPILER_APPICON_NAME = AppIcon;
				ASSETCATALOG_COMPILER_GLOBAL_ACCENT_COLOR_NAME = AccentColor;
				CODE_SIGN_STYLE = Automatic;
				DEVELOPMENT_ASSET_PATHS = "\"SwiftUI-Apple-Frameworks/Preview Content\"";
				ENABLE_PREVIEWS = YES;
				INFOPLIST_FILE = "SwiftUI-Apple-Frameworks/Info.plist";
				IPHONEOS_DEPLOYMENT_TARGET = 14.0;
				LD_RUNPATH_SEARCH_PATHS = (
					"$(inherited)",
					"@executable_path/Frameworks",
				);
				PRODUCT_BUNDLE_IDENTIFIER = "aglegaspi.SwiftUI-Apple-Frameworks";
				PRODUCT_NAME = "$(TARGET_NAME)";
				SWIFT_VERSION = 5.0;
				TARGETED_DEVICE_FAMILY = "1,2";
			};
			name = Release;
		};
/* End XCBuildConfiguration section */

/* Begin XCConfigurationList section */
		EC19819B25AE85BD0078D704 /* Build configuration list for PBXProject "SwiftUI-Apple-Frameworks" */ = {
			isa = XCConfigurationList;
			buildConfigurations = (
				EC1981AD25AE85BF0078D704 /* Debug */,
				EC1981AE25AE85BF0078D704 /* Release */,
			);
			defaultConfigurationIsVisible = 0;
			defaultConfigurationName = Release;
		};
		EC1981AF25AE85BF0078D704 /* Build configuration list for PBXNativeTarget "SwiftUI-Apple-Frameworks" */ = {
			isa = XCConfigurationList;
			buildConfigurations = (
				EC1981B025AE85BF0078D704 /* Debug */,
				EC1981B125AE85BF0078D704 /* Release */,
			);
			defaultConfigurationIsVisible = 0;
			defaultConfigurationName = Release;
		};
/* End XCConfigurationList section */
	};
	rootObject = EC19819825AE85BD0078D704 /* Project object */;
}
